// !$*UTF8*$!
{
	archiveVersion = 1;
	classes = {
	};
	objectVersion = 55;
	objects = {

/* Begin PBXBuildFile section */
		887D3D1127AE22C7008DAB5A /* AppDelegate.swift in Sources */ = {isa = PBXBuildFile; fileRef = 887D3D1027AE22C7008DAB5A /* AppDelegate.swift */; };
		887D3D1327AE22C7008DAB5A /* SceneDelegate.swift in Sources */ = {isa = PBXBuildFile; fileRef = 887D3D1227AE22C7008DAB5A /* SceneDelegate.swift */; };
		887D3D1527AE22C7008DAB5A /* ViewController.swift in Sources */ = {isa = PBXBuildFile; fileRef = 887D3D1427AE22C7008DAB5A /* ViewController.swift */; };
		887D3D1827AE22C7008DAB5A /* Main.storyboard in Resources */ = {isa = PBXBuildFile; fileRef = 887D3D1627AE22C7008DAB5A /* Main.storyboard */; };
		887D3D1A27AE22C9008DAB5A /* Assets.xcassets in Resources */ = {isa = PBXBuildFile; fileRef = 887D3D1927AE22C9008DAB5A /* Assets.xcassets */; };
		887D3D1D27AE22C9008DAB5A /* LaunchScreen.storyboard in Resources */ = {isa = PBXBuildFile; fileRef = 887D3D1B27AE22C9008DAB5A /* LaunchScreen.storyboard */; };
		887D3D2827AE22C9008DAB5A /* Prework_TipCalculatorTests.swift in Sources */ = {isa = PBXBuildFile; fileRef = 887D3D2727AE22C9008DAB5A /* Prework_TipCalculatorTests.swift */; };
		887D3D3227AE22C9008DAB5A /* Prework_TipCalculatorUITests.swift in Sources */ = {isa = PBXBuildFile; fileRef = 887D3D3127AE22C9008DAB5A /* Prework_TipCalculatorUITests.swift */; };
		887D3D3427AE22C9008DAB5A /* Prework_TipCalculatorUITestsLaunchTests.swift in Sources */ = {isa = PBXBuildFile; fileRef = 887D3D3327AE22C9008DAB5A /* Prework_TipCalculatorUITestsLaunchTests.swift */; };
/* End PBXBuildFile section */

/* Begin PBXContainerItemProxy section */
		887D3D2427AE22C9008DAB5A /* PBXContainerItemProxy */ = {
			isa = PBXContainerItemProxy;
			containerPortal = 887D3D0527AE22C7008DAB5A /* Project object */;
			proxyType = 1;
			remoteGlobalIDString = 887D3D0C27AE22C7008DAB5A;
			remoteInfo = Prework_TipCalculator;
		};
		887D3D2E27AE22C9008DAB5A /* PBXContainerItemProxy */ = {
			isa = PBXContainerItemProxy;
			containerPortal = 887D3D0527AE22C7008DAB5A /* Project object */;
			proxyType = 1;
			remoteGlobalIDString = 887D3D0C27AE22C7008DAB5A;
			remoteInfo = Prework_TipCalculator;
		};
/* End PBXContainerItemProxy section */

/* Begin PBXFileReference section */
		887D3D0D27AE22C7008DAB5A /* Prework_TipCalculator.app */ = {isa = PBXFileReference; explicitFileType = wrapper.application; includeInIndex = 0; path = Prework_TipCalculator.app; sourceTree = BUILT_PRODUCTS_DIR; };
		887D3D1027AE22C7008DAB5A /* AppDelegate.swift */ = {isa = PBXFileReference; lastKnownFileType = sourcecode.swift; path = AppDelegate.swift; sourceTree = "<group>"; };
		887D3D1227AE22C7008DAB5A /* SceneDelegate.swift */ = {isa = PBXFileReference; lastKnownFileType = sourcecode.swift; path = SceneDelegate.swift; sourceTree = "<group>"; };
		887D3D1427AE22C7008DAB5A /* ViewController.swift */ = {isa = PBXFileReference; lastKnownFileType = sourcecode.swift; path = ViewController.swift; sourceTree = "<group>"; };
		887D3D1727AE22C7008DAB5A /* Base */ = {isa = PBXFileReference; lastKnownFileType = file.storyboard; name = Base; path = Base.lproj/Main.storyboard; sourceTree = "<group>"; };
		887D3D1927AE22C9008DAB5A /* Assets.xcassets */ = {isa = PBXFileReference; lastKnownFileType = folder.assetcatalog; path = Assets.xcassets; sourceTree = "<group>"; };
		887D3D1C27AE22C9008DAB5A /* Base */ = {isa = PBXFileReference; lastKnownFileType = file.storyboard; name = Base; path = Base.lproj/LaunchScreen.storyboard; sourceTree = "<group>"; };
		887D3D1E27AE22C9008DAB5A /* Info.plist */ = {isa = PBXFileReference; lastKnownFileType = text.plist.xml; path = Info.plist; sourceTree = "<group>"; };
		887D3D2327AE22C9008DAB5A /* Prework_TipCalculatorTests.xctest */ = {isa = PBXFileReference; explicitFileType = wrapper.cfbundle; includeInIndex = 0; path = Prework_TipCalculatorTests.xctest; sourceTree = BUILT_PRODUCTS_DIR; };
		887D3D2727AE22C9008DAB5A /* Prework_TipCalculatorTests.swift */ = {isa = PBXFileReference; lastKnownFileType = sourcecode.swift; path = Prework_TipCalculatorTests.swift; sourceTree = "<group>"; };
		887D3D2D27AE22C9008DAB5A /* Prework_TipCalculatorUITests.xctest */ = {isa = PBXFileReference; explicitFileType = wrapper.cfbundle; includeInIndex = 0; path = Prework_TipCalculatorUITests.xctest; sourceTree = BUILT_PRODUCTS_DIR; };
		887D3D3127AE22C9008DAB5A /* Prework_TipCalculatorUITests.swift */ = {isa = PBXFileReference; lastKnownFileType = sourcecode.swift; path = Prework_TipCalculatorUITests.swift; sourceTree = "<group>"; };
		887D3D3327AE22C9008DAB5A /* Prework_TipCalculatorUITestsLaunchTests.swift */ = {isa = PBXFileReference; lastKnownFileType = sourcecode.swift; path = Prework_TipCalculatorUITestsLaunchTests.swift; sourceTree = "<group>"; };
/* End PBXFileReference section */

/* Begin PBXFrameworksBuildPhase section */
		887D3D0A27AE22C7008DAB5A /* Frameworks */ = {
			isa = PBXFrameworksBuildPhase;
			buildActionMask = 2147483647;
			files = (
			);
			runOnlyForDeploymentPostprocessing = 0;
		};
		887D3D2027AE22C9008DAB5A /* Frameworks */ = {
			isa = PBXFrameworksBuildPhase;
			buildActionMask = 2147483647;
			files = (
			);
			runOnlyForDeploymentPostprocessing = 0;
		};
		887D3D2A27AE22C9008DAB5A /* Frameworks */ = {
			isa = PBXFrameworksBuildPhase;
			buildActionMask = 2147483647;
			files = (
			);
			runOnlyForDeploymentPostprocessing = 0;
		};
/* End PBXFrameworksBuildPhase section */

/* Begin PBXGroup section */
		887D3D0427AE22C7008DAB5A = {
			isa = PBXGroup;
			children = (
				887D3D0F27AE22C7008DAB5A /* Prework_TipCalculator */,
				887D3D2627AE22C9008DAB5A /* Prework_TipCalculatorTests */,
				887D3D3027AE22C9008DAB5A /* Prework_TipCalculatorUITests */,
				887D3D0E27AE22C7008DAB5A /* Products */,
			);
			sourceTree = "<group>";
		};
		887D3D0E27AE22C7008DAB5A /* Products */ = {
			isa = PBXGroup;
			children = (
				887D3D0D27AE22C7008DAB5A /* Prework_TipCalculator.app */,
				887D3D2327AE22C9008DAB5A /* Prework_TipCalculatorTests.xctest */,
				887D3D2D27AE22C9008DAB5A /* Prework_TipCalculatorUITests.xctest */,
			);
			name = Products;
			sourceTree = "<group>";
		};
		887D3D0F27AE22C7008DAB5A /* Prework_TipCalculator */ = {
			isa = PBXGroup;
			children = (
				887D3D1027AE22C7008DAB5A /* AppDelegate.swift */,
				887D3D1227AE22C7008DAB5A /* SceneDelegate.swift */,
				887D3D1427AE22C7008DAB5A /* ViewController.swift */,
				887D3D1627AE22C7008DAB5A /* Main.storyboard */,
				887D3D1927AE22C9008DAB5A /* Assets.xcassets */,
				887D3D1B27AE22C9008DAB5A /* LaunchScreen.storyboard */,
				887D3D1E27AE22C9008DAB5A /* Info.plist */,
			);
			path = Prework_TipCalculator;
			sourceTree = "<group>";
		};
		887D3D2627AE22C9008DAB5A /* Prework_TipCalculatorTests */ = {
			isa = PBXGroup;
			children = (
				887D3D2727AE22C9008DAB5A /* Prework_TipCalculatorTests.swift */,
			);
			path = Prework_TipCalculatorTests;
			sourceTree = "<group>";
		};
		887D3D3027AE22C9008DAB5A /* Prework_TipCalculatorUITests */ = {
			isa = PBXGroup;
			children = (
				887D3D3127AE22C9008DAB5A /* Prework_TipCalculatorUITests.swift */,
				887D3D3327AE22C9008DAB5A /* Prework_TipCalculatorUITestsLaunchTests.swift */,
			);
			path = Prework_TipCalculatorUITests;
			sourceTree = "<group>";
		};
/* End PBXGroup section */

/* Begin PBXNativeTarget section */
		887D3D0C27AE22C7008DAB5A /* Prework_TipCalculator */ = {
			isa = PBXNativeTarget;
			buildConfigurationList = 887D3D3727AE22C9008DAB5A /* Build configuration list for PBXNativeTarget "Prework_TipCalculator" */;
			buildPhases = (
				887D3D0927AE22C7008DAB5A /* Sources */,
				887D3D0A27AE22C7008DAB5A /* Frameworks */,
				887D3D0B27AE22C7008DAB5A /* Resources */,
			);
			buildRules = (
			);
			dependencies = (
			);
			name = Prework_TipCalculator;
			productName = Prework_TipCalculator;
			productReference = 887D3D0D27AE22C7008DAB5A /* Prework_TipCalculator.app */;
			productType = "com.apple.product-type.application";
		};
		887D3D2227AE22C9008DAB5A /* Prework_TipCalculatorTests */ = {
			isa = PBXNativeTarget;
			buildConfigurationList = 887D3D3A27AE22C9008DAB5A /* Build configuration list for PBXNativeTarget "Prework_TipCalculatorTests" */;
			buildPhases = (
				887D3D1F27AE22C9008DAB5A /* Sources */,
				887D3D2027AE22C9008DAB5A /* Frameworks */,
				887D3D2127AE22C9008DAB5A /* Resources */,
			);
			buildRules = (
			);
			dependencies = (
				887D3D2527AE22C9008DAB5A /* PBXTargetDependency */,
			);
			name = Prework_TipCalculatorTests;
			productName = Prework_TipCalculatorTests;
			productReference = 887D3D2327AE22C9008DAB5A /* Prework_TipCalculatorTests.xctest */;
			productType = "com.apple.product-type.bundle.unit-test";
		};
		887D3D2C27AE22C9008DAB5A /* Prework_TipCalculatorUITests */ = {
			isa = PBXNativeTarget;
			buildConfigurationList = 887D3D3D27AE22C9008DAB5A /* Build configuration list for PBXNativeTarget "Prework_TipCalculatorUITests" */;
			buildPhases = (
				887D3D2927AE22C9008DAB5A /* Sources */,
				887D3D2A27AE22C9008DAB5A /* Frameworks */,
				887D3D2B27AE22C9008DAB5A /* Resources */,
			);
			buildRules = (
			);
			dependencies = (
				887D3D2F27AE22C9008DAB5A /* PBXTargetDependency */,
			);
			name = Prework_TipCalculatorUITests;
			productName = Prework_TipCalculatorUITests;
			productReference = 887D3D2D27AE22C9008DAB5A /* Prework_TipCalculatorUITests.xctest */;
			productType = "com.apple.product-type.bundle.ui-testing";
		};
/* End PBXNativeTarget section */

/* Begin PBXProject section */
		887D3D0527AE22C7008DAB5A /* Project object */ = {
			isa = PBXProject;
			attributes = {
				BuildIndependentTargetsInParallel = 1;
				LastSwiftUpdateCheck = 1320;
				LastUpgradeCheck = 1320;
				TargetAttributes = {
					887D3D0C27AE22C7008DAB5A = {
						CreatedOnToolsVersion = 13.2.1;
					};
					887D3D2227AE22C9008DAB5A = {
						CreatedOnToolsVersion = 13.2.1;
						TestTargetID = 887D3D0C27AE22C7008DAB5A;
					};
					887D3D2C27AE22C9008DAB5A = {
						CreatedOnToolsVersion = 13.2.1;
						TestTargetID = 887D3D0C27AE22C7008DAB5A;
					};
				};
			};
			buildConfigurationList = 887D3D0827AE22C7008DAB5A /* Build configuration list for PBXProject "Prework_TipCalculator" */;
			compatibilityVersion = "Xcode 13.0";
			developmentRegion = en;
			hasScannedForEncodings = 0;
			knownRegions = (
				en,
				Base,
			);
			mainGroup = 887D3D0427AE22C7008DAB5A;
			productRefGroup = 887D3D0E27AE22C7008DAB5A /* Products */;
			projectDirPath = "";
			projectRoot = "";
			targets = (
				887D3D0C27AE22C7008DAB5A /* Prework_TipCalculator */,
				887D3D2227AE22C9008DAB5A /* Prework_TipCalculatorTests */,
				887D3D2C27AE22C9008DAB5A /* Prework_TipCalculatorUITests */,
			);
		};
/* End PBXProject section */

/* Begin PBXResourcesBuildPhase section */
		887D3D0B27AE22C7008DAB5A /* Resources */ = {
			isa = PBXResourcesBuildPhase;
			buildActionMask = 2147483647;
			files = (
				887D3D1D27AE22C9008DAB5A /* LaunchScreen.storyboard in Resources */,
				887D3D1A27AE22C9008DAB5A /* Assets.xcassets in Resources */,
				887D3D1827AE22C7008DAB5A /* Main.storyboard in Resources */,
			);
			runOnlyForDeploymentPostprocessing = 0;
		};
		887D3D2127AE22C9008DAB5A /* Resources */ = {
			isa = PBXResourcesBuildPhase;
			buildActionMask = 2147483647;
			files = (
			);
			runOnlyForDeploymentPostprocessing = 0;
		};
		887D3D2B27AE22C9008DAB5A /* Resources */ = {
			isa = PBXResourcesBuildPhase;
			buildActionMask = 2147483647;
			files = (
			);
			runOnlyForDeploymentPostprocessing = 0;
		};
/* End PBXResourcesBuildPhase section */

/* Begin PBXSourcesBuildPhase section */
		887D3D0927AE22C7008DAB5A /* Sources */ = {
			isa = PBXSourcesBuildPhase;
			buildActionMask = 2147483647;
			files = (
				887D3D1527AE22C7008DAB5A /* ViewController.swift in Sources */,
				887D3D1127AE22C7008DAB5A /* AppDelegate.swift in Sources */,
				887D3D1327AE22C7008DAB5A /* SceneDelegate.swift in Sources */,
			);
			runOnlyForDeploymentPostprocessing = 0;
		};
		887D3D1F27AE22C9008DAB5A /* Sources */ = {
			isa = PBXSourcesBuildPhase;
			buildActionMask = 2147483647;
			files = (
				887D3D2827AE22C9008DAB5A /* Prework_TipCalculatorTests.swift in Sources */,
			);
			runOnlyForDeploymentPostprocessing = 0;
		};
		887D3D2927AE22C9008DAB5A /* Sources */ = {
			isa = PBXSourcesBuildPhase;
			buildActionMask = 2147483647;
			files = (
				887D3D3227AE22C9008DAB5A /* Prework_TipCalculatorUITests.swift in Sources */,
				887D3D3427AE22C9008DAB5A /* Prework_TipCalculatorUITestsLaunchTests.swift in Sources */,
			);
			runOnlyForDeploymentPostprocessing = 0;
		};
/* End PBXSourcesBuildPhase section */

/* Begin PBXTargetDependency section */
		887D3D2527AE22C9008DAB5A /* PBXTargetDependency */ = {
			isa = PBXTargetDependency;
			target = 887D3D0C27AE22C7008DAB5A /* Prework_TipCalculator */;
			targetProxy = 887D3D2427AE22C9008DAB5A /* PBXContainerItemProxy */;
		};
		887D3D2F27AE22C9008DAB5A /* PBXTargetDependency */ = {
			isa = PBXTargetDependency;
			target = 887D3D0C27AE22C7008DAB5A /* Prework_TipCalculator */;
			targetProxy = 887D3D2E27AE22C9008DAB5A /* PBXContainerItemProxy */;
		};
/* End PBXTargetDependency section */

/* Begin PBXVariantGroup section */
		887D3D1627AE22C7008DAB5A /* Main.storyboard */ = {
			isa = PBXVariantGroup;
			children = (
				887D3D1727AE22C7008DAB5A /* Base */,
			);
			name = Main.storyboard;
			sourceTree = "<group>";
		};
		887D3D1B27AE22C9008DAB5A /* LaunchScreen.storyboard */ = {
			isa = PBXVariantGroup;
			children = (
				887D3D1C27AE22C9008DAB5A /* Base */,
			);
			name = LaunchScreen.storyboard;
			sourceTree = "<group>";
		};
/* End PBXVariantGroup section */

/* Begin XCBuildConfiguration section */
		887D3D3527AE22C9008DAB5A /* Debug */ = {
			isa = XCBuildConfiguration;
			buildSettings = {
				ALWAYS_SEARCH_USER_PATHS = NO;
				CLANG_ANALYZER_NONNULL = YES;
				CLANG_ANALYZER_NUMBER_OBJECT_CONVERSION = YES_AGGRESSIVE;
				CLANG_CXX_LANGUAGE_STANDARD = "gnu++17";
				CLANG_CXX_LIBRARY = "libc++";
				CLANG_ENABLE_MODULES = YES;
				CLANG_ENABLE_OBJC_ARC = YES;
				CLANG_ENABLE_OBJC_WEAK = YES;
				CLANG_WARN_BLOCK_CAPTURE_AUTORELEASING = YES;
				CLANG_WARN_BOOL_CONVERSION = YES;
				CLANG_WARN_COMMA = YES;
				CLANG_WARN_CONSTANT_CONVERSION = YES;
				CLANG_WARN_DEPRECATED_OBJC_IMPLEMENTATIONS = YES;
				CLANG_WARN_DIRECT_OBJC_ISA_USAGE = YES_ERROR;
				CLANG_WARN_DOCUMENTATION_COMMENTS = YES;
				CLANG_WARN_EMPTY_BODY = YES;
				CLANG_WARN_ENUM_CONVERSION = YES;
				CLANG_WARN_INFINITE_RECURSION = YES;
				CLANG_WARN_INT_CONVERSION = YES;
				CLANG_WARN_NON_LITERAL_NULL_CONVERSION = YES;
				CLANG_WARN_OBJC_IMPLICIT_RETAIN_SELF = YES;
				CLANG_WARN_OBJC_LITERAL_CONVERSION = YES;
				CLANG_WARN_OBJC_ROOT_CLASS = YES_ERROR;
				CLANG_WARN_QUOTED_INCLUDE_IN_FRAMEWORK_HEADER = YES;
				CLANG_WARN_RANGE_LOOP_ANALYSIS = YES;
				CLANG_WARN_STRICT_PROTOTYPES = YES;
				CLANG_WARN_SUSPICIOUS_MOVE = YES;
				CLANG_WARN_UNGUARDED_AVAILABILITY = YES_AGGRESSIVE;
				CLANG_WARN_UNREACHABLE_CODE = YES;
				CLANG_WARN__DUPLICATE_METHOD_MATCH = YES;
				COPY_PHASE_STRIP = NO;
				DEBUG_INFORMATION_FORMAT = dwarf;
				ENABLE_STRICT_OBJC_MSGSEND = YES;
				ENABLE_TESTABILITY = YES;
				GCC_C_LANGUAGE_STANDARD = gnu11;
				GCC_DYNAMIC_NO_PIC = NO;
				GCC_NO_COMMON_BLOCKS = YES;
				GCC_OPTIMIZATION_LEVEL = 0;
				GCC_PREPROCESSOR_DEFINITIONS = (
					"DEBUG=1",
					"$(inherited)",
				);
				GCC_WARN_64_TO_32_BIT_CONVERSION = YES;
				GCC_WARN_ABOUT_RETURN_TYPE = YES_ERROR;
				GCC_WARN_UNDECLARED_SELECTOR = YES;
				GCC_WARN_UNINITIALIZED_AUTOS = YES_AGGRESSIVE;
				GCC_WARN_UNUSED_FUNCTION = YES;
				GCC_WARN_UNUSED_VARIABLE = YES;
				IPHONEOS_DEPLOYMENT_TARGET = 15.2;
				MTL_ENABLE_DEBUG_INFO = INCLUDE_SOURCE;
				MTL_FAST_MATH = YES;
				ONLY_ACTIVE_ARCH = YES;
				SDKROOT = iphoneos;
				SWIFT_ACTIVE_COMPILATION_CONDITIONS = DEBUG;
				SWIFT_OPTIMIZATION_LEVEL = "-Onone";
			};
			name = Debug;
		};
		887D3D3627AE22C9008DAB5A /* Release */ = {
			isa = XCBuildConfiguration;
			buildSettings = {
				ALWAYS_SEARCH_USER_PATHS = NO;
				CLANG_ANALYZER_NONNULL = YES;
				CLANG_ANALYZER_NUMBER_OBJECT_CONVERSION = YES_AGGRESSIVE;
				CLANG_CXX_LANGUAGE_STANDARD = "gnu++17";
				CLANG_CXX_LIBRARY = "libc++";
				CLANG_ENABLE_MODULES = YES;
				CLANG_ENABLE_OBJC_ARC = YES;
				CLANG_ENABLE_OBJC_WEAK = YES;
				CLANG_WARN_BLOCK_CAPTURE_AUTORELEASING = YES;
				CLANG_WARN_BOOL_CONVERSION = YES;
				CLANG_WARN_COMMA = YES;
				CLANG_WARN_CONSTANT_CONVERSION = YES;
				CLANG_WARN_DEPRECATED_OBJC_IMPLEMENTATIONS = YES;
				CLANG_WARN_DIRECT_OBJC_ISA_USAGE = YES_ERROR;
				CLANG_WARN_DOCUMENTATION_COMMENTS = YES;
				CLANG_WARN_EMPTY_BODY = YES;
				CLANG_WARN_ENUM_CONVERSION = YES;
				CLANG_WARN_INFINITE_RECURSION = YES;
				CLANG_WARN_INT_CONVERSION = YES;
				CLANG_WARN_NON_LITERAL_NULL_CONVERSION = YES;
				CLANG_WARN_OBJC_IMPLICIT_RETAIN_SELF = YES;
				CLANG_WARN_OBJC_LITERAL_CONVERSION = YES;
				CLANG_WARN_OBJC_ROOT_CLASS = YES_ERROR;
				CLANG_WARN_QUOTED_INCLUDE_IN_FRAMEWORK_HEADER = YES;
				CLANG_WARN_RANGE_LOOP_ANALYSIS = YES;
				CLANG_WARN_STRICT_PROTOTYPES = YES;
				CLANG_WARN_SUSPICIOUS_MOVE = YES;
				CLANG_WARN_UNGUARDED_AVAILABILITY = YES_AGGRESSIVE;
				CLANG_WARN_UNREACHABLE_CODE = YES;
				CLANG_WARN__DUPLICATE_METHOD_MATCH = YES;
				COPY_PHASE_STRIP = NO;
				DEBUG_INFORMATION_FORMAT = "dwarf-with-dsym";
				ENABLE_NS_ASSERTIONS = NO;
				ENABLE_STRICT_OBJC_MSGSEND = YES;
				GCC_C_LANGUAGE_STANDARD = gnu11;
				GCC_NO_COMMON_BLOCKS = YES;
				GCC_WARN_64_TO_32_BIT_CONVERSION = YES;
				GCC_WARN_ABOUT_RETURN_TYPE = YES_ERROR;
				GCC_WARN_UNDECLARED_SELECTOR = YES;
				GCC_WARN_UNINITIALIZED_AUTOS = YES_AGGRESSIVE;
				GCC_WARN_UNUSED_FUNCTION = YES;
				GCC_WARN_UNUSED_VARIABLE = YES;
				IPHONEOS_DEPLOYMENT_TARGET = 15.2;
				MTL_ENABLE_DEBUG_INFO = NO;
				MTL_FAST_MATH = YES;
				SDKROOT = iphoneos;
				SWIFT_COMPILATION_MODE = wholemodule;
				SWIFT_OPTIMIZATION_LEVEL = "-O";
				VALIDATE_PRODUCT = YES;
			};
			name = Release;
		};
		887D3D3827AE22C9008DAB5A /* Debug */ = {
			isa = XCBuildConfiguration;
			buildSettings = {
				ASSETCATALOG_COMPILER_APPICON_NAME = AppIcon;
				ASSETCATALOG_COMPILER_GLOBAL_ACCENT_COLOR_NAME = AccentColor;
				CODE_SIGN_STYLE = Automatic;
				CURRENT_PROJECT_VERSION = 1;
				DEVELOPMENT_TEAM = L6LPZGC6S6;
				GENERATE_INFOPLIST_FILE = YES;
				INFOPLIST_FILE = Prework_TipCalculator/Info.plist;
				INFOPLIST_KEY_UIApplicationSupportsIndirectInputEvents = YES;
				INFOPLIST_KEY_UILaunchStoryboardName = LaunchScreen;
				INFOPLIST_KEY_UIMainStoryboardFile = Main;
				INFOPLIST_KEY_UISupportedInterfaceOrientations_iPad = "UIInterfaceOrientationPortrait UIInterfaceOrientationPortraitUpsideDown UIInterfaceOrientationLandscapeLeft UIInterfaceOrientationLandscapeRight";
				INFOPLIST_KEY_UISupportedInterfaceOrientations_iPhone = "UIInterfaceOrientationPortrait UIInterfaceOrientationLandscapeLeft UIInterfaceOrientationLandscapeRight";
				LD_RUNPATH_SEARCH_PATHS = (
					"$(inherited)",
					"@executable_path/Frameworks",
				);
				MARKETING_VERSION = 1.0;
				PRODUCT_BUNDLE_IDENTIFIER = "Hyemin.com.Prework-TipCalculator";
				PRODUCT_NAME = "$(TARGET_NAME)";
				SWIFT_EMIT_LOC_STRINGS = YES;
				SWIFT_VERSION = 5.0;
				TARGETED_DEVICE_FAMILY = "1,2";
			};
			name = Debug;
		};
		887D3D3927AE22C9008DAB5A /* Release */ = {
			isa = XCBuildConfiguration;
			buildSettings = {
				ASSETCATALOG_COMPILER_APPICON_NAME = AppIcon;
				ASSETCATALOG_COMPILER_GLOBAL_ACCENT_COLOR_NAME = AccentColor;
				CODE_SIGN_STYLE = Automatic;
				CURRENT_PROJECT_VERSION = 1;
				DEVELOPMENT_TEAM = L6LPZGC6S6;
				GENERATE_INFOPLIST_FILE = YES;
				INFOPLIST_FILE = Prework_TipCalculator/Info.plist;
				INFOPLIST_KEY_UIApplicationSupportsIndirectInputEvents = YES;
				INFOPLIST_KEY_UILaunchStoryboardName = LaunchScreen;
				INFOPLIST_KEY_UIMainStoryboardFile = Main;
				INFOPLIST_KEY_UISupportedInterfaceOrientations_iPad = "UIInterfaceOrientationPortrait UIInterfaceOrientationPortraitUpsideDown UIInterfaceOrientationLandscapeLeft UIInterfaceOrientationLandscapeRight";
				INFOPLIST_KEY_UISupportedInterfaceOrientations_iPhone = "UIInterfaceOrientationPortrait UIInterfaceOrientationLandscapeLeft UIInterfaceOrientationLandscapeRight";
				LD_RUNPATH_SEARCH_PATHS = (
					"$(inherited)",
					"@executable_path/Frameworks",
				);
				MARKETING_VERSION = 1.0;
				PRODUCT_BUNDLE_IDENTIFIER = "Hyemin.com.Prework-TipCalculator";
				PRODUCT_NAME = "$(TARGET_NAME)";
				SWIFT_EMIT_LOC_STRINGS = YES;
				SWIFT_VERSION = 5.0;
				TARGETED_DEVICE_FAMILY = "1,2";
			};
			name = Release;
		};
		887D3D3B27AE22C9008DAB5A /* Debug */ = {
			isa = XCBuildConfiguration;
			buildSettings = {
				ALWAYS_EMBED_SWIFT_STANDARD_LIBRARIES = YES;
				BUNDLE_LOADER = "$(TEST_HOST)";
				CODE_SIGN_STYLE = Automatic;
				CURRENT_PROJECT_VERSION = 1;
				DEVELOPMENT_TEAM = L6LPZGC6S6;
				GENERATE_INFOPLIST_FILE = YES;
				IPHONEOS_DEPLOYMENT_TARGET = 15.2;
				MARKETING_VERSION = 1.0;
				PRODUCT_BUNDLE_IDENTIFIER = "Hyemin.com.Prework-TipCalculatorTests";
				PRODUCT_NAME = "$(TARGET_NAME)";
				SWIFT_EMIT_LOC_STRINGS = NO;
				SWIFT_VERSION = 5.0;
				TARGETED_DEVICE_FAMILY = "1,2";
				TEST_HOST = "$(BUILT_PRODUCTS_DIR)/Prework_TipCalculator.app/Prework_TipCalculator";
			};
			name = Debug;
		};
		887D3D3C27AE22C9008DAB5A /* Release */ = {
			isa = XCBuildConfiguration;
			buildSettings = {
				ALWAYS_EMBED_SWIFT_STANDARD_LIBRARIES = YES;
				BUNDLE_LOADER = "$(TEST_HOST)";
				CODE_SIGN_STYLE = Automatic;
				CURRENT_PROJECT_VERSION = 1;
				DEVELOPMENT_TEAM = L6LPZGC6S6;
				GENERATE_INFOPLIST_FILE = YES;
				IPHONEOS_DEPLOYMENT_TARGET = 15.2;
				MARKETING_VERSION = 1.0;
				PRODUCT_BUNDLE_IDENTIFIER = "Hyemin.com.Prework-TipCalculatorTests";
				PRODUCT_NAME = "$(TARGET_NAME)";
				SWIFT_EMIT_LOC_STRINGS = NO;
				SWIFT_VERSION = 5.0;
				TARGETED_DEVICE_FAMILY = "1,2";
				TEST_HOST = "$(BUILT_PRODUCTS_DIR)/Prework_TipCalculator.app/Prework_TipCalculator";
			};
			name = Release;
		};
		887D3D3E27AE22C9008DAB5A /* Debug */ = {
			isa = XCBuildConfiguration;
			buildSettings = {
				ALWAYS_EMBED_SWIFT_STANDARD_LIBRARIES = YES;
				CODE_SIGN_STYLE = Automatic;
				CURRENT_PROJECT_VERSION = 1;
				DEVELOPMENT_TEAM = L6LPZGC6S6;
				GENERATE_INFOPLIST_FILE = YES;
				MARKETING_VERSION = 1.0;
				PRODUCT_BUNDLE_IDENTIFIER = "Hyemin.com.Prework-TipCalculatorUITests";
				PRODUCT_NAME = "$(TARGET_NAME)";
				SWIFT_EMIT_LOC_STRINGS = NO;
				SWIFT_VERSION = 5.0;
				TARGETED_DEVICE_FAMILY = "1,2";
				TEST_TARGET_NAME = Prework_TipCalculator;
			};
			name = Debug;
		};
		887D3D3F27AE22C9008DAB5A /* Release */ = {
			isa = XCBuildConfiguration;
			buildSettings = {
				ALWAYS_EMBED_SWIFT_STANDARD_LIBRARIES = YES;
				CODE_SIGN_STYLE = Automatic;
				CURRENT_PROJECT_VERSION = 1;
				DEVELOPMENT_TEAM = L6LPZGC6S6;
				GENERATE_INFOPLIST_FILE = YES;
				MARKETING_VERSION = 1.0;
				PRODUCT_BUNDLE_IDENTIFIER = "Hyemin.com.Prework-TipCalculatorUITests";
				PRODUCT_NAME = "$(TARGET_NAME)";
				SWIFT_EMIT_LOC_STRINGS = NO;
				SWIFT_VERSION = 5.0;
				TARGETED_DEVICE_FAMILY = "1,2";
				TEST_TARGET_NAME = Prework_TipCalculator;
			};
			name = Release;
		};
/* End XCBuildConfiguration section */

/* Begin XCConfigurationList section */
		887D3D0827AE22C7008DAB5A /* Build configuration list for PBXProject "Prework_TipCalculator" */ = {
			isa = XCConfigurationList;
			buildConfigurations = (
				887D3D3527AE22C9008DAB5A /* Debug */,
				887D3D3627AE22C9008DAB5A /* Release */,
			);
			defaultConfigurationIsVisible = 0;
			defaultConfigurationName = Release;
		};
		887D3D3727AE22C9008DAB5A /* Build configuration list for PBXNativeTarget "Prework_TipCalculator" */ = {
			isa = XCConfigurationList;
			buildConfigurations = (
				887D3D3827AE22C9008DAB5A /* Debug */,
				887D3D3927AE22C9008DAB5A /* Release */,
			);
			defaultConfigurationIsVisible = 0;
			defaultConfigurationName = Release;
		};
		887D3D3A27AE22C9008DAB5A /* Build configuration list for PBXNativeTarget "Prework_TipCalculatorTests" */ = {
			isa = XCConfigurationList;
			buildConfigurations = (
				887D3D3B27AE22C9008DAB5A /* Debug */,
				887D3D3C27AE22C9008DAB5A /* Release */,
			);
			defaultConfigurationIsVisible = 0;
			defaultConfigurationName = Release;
		};
		887D3D3D27AE22C9008DAB5A /* Build configuration list for PBXNativeTarget "Prework_TipCalculatorUITests" */ = {
			isa = XCConfigurationList;
			buildConfigurations = (
				887D3D3E27AE22C9008DAB5A /* Debug */,
				887D3D3F27AE22C9008DAB5A /* Release */,
			);
			defaultConfigurationIsVisible = 0;
			defaultConfigurationName = Release;
		};
/* End XCConfigurationList section */
	};
	rootObject = 887D3D0527AE22C7008DAB5A /* Project object */;
}
